
Microsoft Visual Studio Solution File, Format Version 12.00
# Visual Studio Version 17
VisualStudioVersion = 17.9.34728.123
MinimumVisualStudioVersion = 10.0.40219.1
Project("{9A19103F-16F7-4668-BE54-9A1E7A4F7556}") = "Database", "Database\Database.csproj", "{1672A1DB-AB5D-4441-ADC9-E9E669599B96}"
EndProject
Project("{9A19103F-16F7-4668-BE54-9A1E7A4F7556}") = "WebApi", "WebApi\WebApi.csproj", "{1296101C-FB18-4B96-8C6C-EA447A2436FD}"
EndProject
Project("{9A19103F-16F7-4668-BE54-9A1E7A4F7556}") = "Database.Tests", "Database.Tests\Database.Tests.csproj", "{594A73A5-BBE5-499E-A81C-DFEDF49BDE61}"
EndProject
Global
	GlobalSection(SolutionConfigurationPlatforms) = preSolution
		Debug|Any CPU = Debug|Any CPU
		Release|Any CPU = Release|Any CPU
	EndGlobalSection
	GlobalSection(ProjectConfigurationPlatforms) = postSolution
		{1672A1DB-AB5D-4441-ADC9-E9E669599B96}.Debug|Any CPU.ActiveCfg = Debug|Any CPU
		{1672A1DB-AB5D-4441-ADC9-E9E669599B96}.Debug|Any CPU.Build.0 = Debug|Any CPU
		{1672A1DB-AB5D-4441-ADC9-E9E669599B96}.Release|Any CPU.ActiveCfg = Release|Any CPU
		{1672A1DB-AB5D-4441-ADC9-E9E669599B96}.Release|Any CPU.Build.0 = Release|Any CPU
		{1296101C-FB18-4B96-8C6C-EA447A2436FD}.Debug|Any CPU.ActiveCfg = Debug|Any CPU
		{1296101C-FB18-4B96-8C6C-EA447A2436FD}.Debug|Any CPU.Build.0 = Debug|Any CPU
		{1296101C-FB18-4B96-8C6C-EA447A2436FD}.Release|Any CPU.ActiveCfg = Release|Any CPU
		{1296101C-FB18-4B96-8C6C-EA447A2436FD}.Release|Any CPU.Build.0 = Release|Any CPU
		{594A73A5-BBE5-499E-A81C-DFEDF49BDE61}.Debug|Any CPU.ActiveCfg = Debug|Any CPU
		{594A73A5-BBE5-499E-A81C-DFEDF49BDE61}.Debug|Any CPU.Build.0 = Debug|Any CPU
		{594A73A5-BBE5-499E-A81C-DFEDF49BDE61}.Release|Any CPU.ActiveCfg = Release|Any CPU
		{594A73A5-BBE5-499E-A81C-DFEDF49BDE61}.Release|Any CPU.Build.0 = Release|Any CPU
	EndGlobalSection
	GlobalSection(SolutionProperties) = preSolution
		HideSolutionNode = FALSE
	EndGlobalSection
	GlobalSection(ExtensibilityGlobals) = postSolution
		SolutionGuid = {C821DD96-71E4-46DD-A073-CB39173FF2A9}
	EndGlobalSection
EndGlobal
